
Microsoft Visual Studio Solution File, Format Version 12.00
# Visual Studio Version 17
VisualStudioVersion = 17.4.33205.214
MinimumVisualStudioVersion = 10.0.40219.1
Project("{FAE04EC0-301F-11D3-BF4B-00C04F79EFBC}") = "RandomUser.Api", "RandomUser.Api\RandomUser.Api.csproj", "{F4FCDBF5-2AC1-4FD9-B69D-8F4C7AA4CE4C}"
EndProject
Project("{FAE04EC0-301F-11D3-BF4B-00C04F79EFBC}") = "RandomUser.Core", "RandomUser.Core\RandomUser.Core.csproj", "{DF33D1D4-4F1A-4C02-B7CE-31A1EDE77E66}"
EndProject
Project("{FAE04EC0-301F-11D3-BF4B-00C04F79EFBC}") = "RandomUser.Data", "RandomUser.Data\RandomUser.Data.csproj", "{3E4D72CB-0508-45EB-882E-FECED9B1C56B}"
EndProject
Global
	GlobalSection(SolutionConfigurationPlatforms) = preSolution
		Debug|Any CPU = Debug|Any CPU
		Release|Any CPU = Release|Any CPU
	EndGlobalSection
	GlobalSection(ProjectConfigurationPlatforms) = postSolution
		{F4FCDBF5-2AC1-4FD9-B69D-8F4C7AA4CE4C}.Debug|Any CPU.ActiveCfg = Debug|Any CPU
		{F4FCDBF5-2AC1-4FD9-B69D-8F4C7AA4CE4C}.Debug|Any CPU.Build.0 = Debug|Any CPU
		{F4FCDBF5-2AC1-4FD9-B69D-8F4C7AA4CE4C}.Release|Any CPU.ActiveCfg = Release|Any CPU
		{F4FCDBF5-2AC1-4FD9-B69D-8F4C7AA4CE4C}.Release|Any CPU.Build.0 = Release|Any CPU
		{DF33D1D4-4F1A-4C02-B7CE-31A1EDE77E66}.Debug|Any CPU.ActiveCfg = Debug|Any CPU
		{DF33D1D4-4F1A-4C02-B7CE-31A1EDE77E66}.Debug|Any CPU.Build.0 = Debug|Any CPU
		{DF33D1D4-4F1A-4C02-B7CE-31A1EDE77E66}.Release|Any CPU.ActiveCfg = Release|Any CPU
		{DF33D1D4-4F1A-4C02-B7CE-31A1EDE77E66}.Release|Any CPU.Build.0 = Release|Any CPU
		{3E4D72CB-0508-45EB-882E-FECED9B1C56B}.Debug|Any CPU.ActiveCfg = Debug|Any CPU
		{3E4D72CB-0508-45EB-882E-FECED9B1C56B}.Debug|Any CPU.Build.0 = Debug|Any CPU
		{3E4D72CB-0508-45EB-882E-FECED9B1C56B}.Release|Any CPU.ActiveCfg = Release|Any CPU
		{3E4D72CB-0508-45EB-882E-FECED9B1C56B}.Release|Any CPU.Build.0 = Release|Any CPU
	EndGlobalSection
	GlobalSection(SolutionProperties) = preSolution
		HideSolutionNode = FALSE
	EndGlobalSection
	GlobalSection(ExtensibilityGlobals) = postSolution
		SolutionGuid = {F7FA6078-EADE-45A9-A574-2AEB9F27ABE5}
	EndGlobalSection
EndGlobal
